Microsoft Visual Studio Solution File, Format Version 12.00
# Visual Studio Version 17
VisualStudioVersion = 17.5.2.0
MinimumVisualStudioVersion = 10.0.40219.1
Project("{FAE04EC0-301F-11D3-BF4B-00C04F79EFBC}") = "RubberDuckStore", "RubberDuckStore\RubberDuckStore.csproj", "{7F27D24C-AE87-5857-10D9-DECB5373A101}"
EndProject
Global
	GlobalSection(SolutionConfigurationPlatforms) = preSolution
		Debug|Any CPU = Debug|Any CPU
		Release|Any CPU = Release|Any CPU
	EndGlobalSection
	GlobalSection(ProjectConfigurationPlatforms) = postSolution
		{7F27D24C-AE87-5857-10D9-DECB5373A101}.Debug|Any CPU.ActiveCfg = Debug|Any CPU
		{7F27D24C-AE87-5857-10D9-DECB5373A101}.Debug|Any CPU.Build.0 = Debug|Any CPU
		{7F27D24C-AE87-5857-10D9-DECB5373A101}.Release|Any CPU.ActiveCfg = Release|Any CPU
		{7F27D24C-AE87-5857-10D9-DECB5373A101}.Release|Any CPU.Build.0 = Release|Any CPU
	EndGlobalSection
	GlobalSection(SolutionProperties) = preSolution
		HideSolutionNode = FALSE
	EndGlobalSection
	GlobalSection(ExtensibilityGlobals) = postSolution
		SolutionGuid = {AFFBFAD3-EA8B-4755-83FA-E415630A2ADF}
	EndGlobalSection
EndGlobal
